
Microsoft Visual Studio Solution File, Format Version 12.00
# Visual Studio Version 16
VisualStudioVersion = 16.0.32602.291
MinimumVisualStudioVersion = 10.0.40219.1
Project("{FAE04EC0-301F-11D3-BF4B-00C04F79EFBC}") = "App", "App\App.csproj", "{853090C8-4D0C-4E62-A8A0-2832EE7D94CD}"
EndProject
Project("{FAE04EC0-301F-11D3-BF4B-00C04F79EFBC}") = "Models", "Models\Models.csproj", "{393B6569-425D-4F40-8734-C125D802FE66}"
EndProject
Global
	GlobalSection(SolutionConfigurationPlatforms) = preSolution
		Debug|Any CPU = Debug|Any CPU
		Release|Any CPU = Release|Any CPU
	EndGlobalSection
	GlobalSection(ProjectConfigurationPlatforms) = postSolution
		{853090C8-4D0C-4E62-A8A0-2832EE7D94CD}.Debug|Any CPU.ActiveCfg = Debug|Any CPU
		{853090C8-4D0C-4E62-A8A0-2832EE7D94CD}.Debug|Any CPU.Build.0 = Debug|Any CPU
		{853090C8-4D0C-4E62-A8A0-2832EE7D94CD}.Release|Any CPU.ActiveCfg = Release|Any CPU
		{853090C8-4D0C-4E62-A8A0-2832EE7D94CD}.Release|Any CPU.Build.0 = Release|Any CPU
		{393B6569-425D-4F40-8734-C125D802FE66}.Debug|Any CPU.ActiveCfg = Debug|Any CPU
		{393B6569-425D-4F40-8734-C125D802FE66}.Debug|Any CPU.Build.0 = Debug|Any CPU
		{393B6569-425D-4F40-8734-C125D802FE66}.Release|Any CPU.ActiveCfg = Release|Any CPU
		{393B6569-425D-4F40-8734-C125D802FE66}.Release|Any CPU.Build.0 = Release|Any CPU
	EndGlobalSection
	GlobalSection(SolutionProperties) = preSolution
		HideSolutionNode = FALSE
	EndGlobalSection
	GlobalSection(ExtensibilityGlobals) = postSolution
		SolutionGuid = {6A575096-0E0C-4E73-A022-1FC0A332844F}
	EndGlobalSection
EndGlobal
